<Solution>
  <Folder Name="/src/">
    <Project Path="src/Restaurant.API/Restaurant.API.csproj" />
    <Project Path="src/Restaurant.Application/Restaurant.Application.csproj" />
    <Project Path="src/Restaurant.Domain/Restaurant.Domain.csproj" />
    <Project Path="src/Restaurant.Infrastructure/Restaurant.Infrastructure.csproj" />
  </Folder>
</Solution>
